github.com/cmj0121/trace v0.0.0-20211225143217-326dd758761f h1:v8GbZ58kNHTsA2q7rDFbXZfdznjvD6KuD2zwkKkesBA=
github.com/cmj0121/trace v0.0.0-20211225143217-326dd758761f/go.mod h1:oWqsFFkwHRm69o4ayA1twMCllfI3kkjxzx+GpRi0TJE=
github.com/cmj0121/trace v0.0.0-20211226085626-862580c60082 h1:P0SNXos07iA2DsliXnIA52wBRsAgeqKSiyTLmtYtjuw=
github.com/cmj0121/trace v0.0.0-20211226085626-862580c60082/go.mod h1:oWqsFFkwHRm69o4ayA1twMCllfI3kkjxzx+GpRi0TJE=
github.com/cmj0121/trace v0.1.0 h1:HzK2Az0Q1f6afWCdmuz/QizAMje8rT9bp9qF4VeGEn8=
github.com/cmj0121/trace v0.1.0/go.mod h1:oWqsFFkwHRm69o4ayA1twMCllfI3kkjxzx+GpRi0TJE=
